
Microsoft Visual Studio Solution File, Format Version 12.00
# Visual Studio Version 17
VisualStudioVersion = 17.7.34221.43
MinimumVisualStudioVersion = 10.0.40219.1
Project("{2150E333-8FDC-42A3-9474-1A3956D46DE8}") = "src", "src", "{CA9975B0-72D2-4154-8BB9-DF593EE00E5E}"
EndProject
Project("{2150E333-8FDC-42A3-9474-1A3956D46DE8}") = "test", "test", "{72394DFC-1A78-4944-B244-A565BD9C25C5}"
EndProject
Project("{9A19103F-16F7-4668-BE54-9A1E7A4F7556}") = "CodeSense.Domain", "CodeSense.Domain\CodeSense.Domain.csproj", "{1500D4F0-7EC5-4E4E-BC79-BD95418B9441}"
EndProject
Project("{9A19103F-16F7-4668-BE54-9A1E7A4F7556}") = "CodeSense.Infrastructure", "CodeSense.Infrastructure\CodeSense.Infrastructure.csproj", "{2E554921-47F0-48EC-ACAA-5B5EAB41F388}"
EndProject
Project("{2150E333-8FDC-42A3-9474-1A3956D46DE8}") = "Domain", "Domain", "{F4C15AE9-3775-43EB-B24C-CACCEDCEF362}"
EndProject
Project("{2150E333-8FDC-42A3-9474-1A3956D46DE8}") = "Infrastructure", "Infrastructure", "{BC12E204-EDBD-4E5C-89C8-DAD597A4CBB2}"
EndProject
Project("{2150E333-8FDC-42A3-9474-1A3956D46DE8}") = "Application", "Application", "{5F4AAE00-3D80-497B-B1A1-807C56C4505D}"
EndProject
Project("{9A19103F-16F7-4668-BE54-9A1E7A4F7556}") = "CodeSense.Api", "CodeSense.Api\CodeSense.Api.csproj", "{F26DADD7-60FD-4051-B5B3-D969C4FEE628}"
EndProject
Project("{2150E333-8FDC-42A3-9474-1A3956D46DE8}") = "Api", "Api", "{3B95ABBB-8DEA-41D4-9F7F-3CAAF2DE6B9C}"
EndProject
Project("{FAE04EC0-301F-11D3-BF4B-00C04F79EFBC}") = "CodeSense.Application", "CodeSense.Application\CodeSense.Application.csproj", "{4D60CE9B-946B-4A51-8AE5-E35F0360DBFF}"
EndProject
Global
	GlobalSection(SolutionConfigurationPlatforms) = preSolution
		Debug|Any CPU = Debug|Any CPU
		Release|Any CPU = Release|Any CPU
	EndGlobalSection
	GlobalSection(ProjectConfigurationPlatforms) = postSolution
		{1500D4F0-7EC5-4E4E-BC79-BD95418B9441}.Debug|Any CPU.ActiveCfg = Debug|Any CPU
		{1500D4F0-7EC5-4E4E-BC79-BD95418B9441}.Debug|Any CPU.Build.0 = Debug|Any CPU
		{1500D4F0-7EC5-4E4E-BC79-BD95418B9441}.Release|Any CPU.ActiveCfg = Release|Any CPU
		{1500D4F0-7EC5-4E4E-BC79-BD95418B9441}.Release|Any CPU.Build.0 = Release|Any CPU
		{2E554921-47F0-48EC-ACAA-5B5EAB41F388}.Debug|Any CPU.ActiveCfg = Debug|Any CPU
		{2E554921-47F0-48EC-ACAA-5B5EAB41F388}.Debug|Any CPU.Build.0 = Debug|Any CPU
		{2E554921-47F0-48EC-ACAA-5B5EAB41F388}.Release|Any CPU.ActiveCfg = Release|Any CPU
		{2E554921-47F0-48EC-ACAA-5B5EAB41F388}.Release|Any CPU.Build.0 = Release|Any CPU
		{F26DADD7-60FD-4051-B5B3-D969C4FEE628}.Debug|Any CPU.ActiveCfg = Debug|Any CPU
		{F26DADD7-60FD-4051-B5B3-D969C4FEE628}.Debug|Any CPU.Build.0 = Debug|Any CPU
		{F26DADD7-60FD-4051-B5B3-D969C4FEE628}.Release|Any CPU.ActiveCfg = Release|Any CPU
		{F26DADD7-60FD-4051-B5B3-D969C4FEE628}.Release|Any CPU.Build.0 = Release|Any CPU
		{4D60CE9B-946B-4A51-8AE5-E35F0360DBFF}.Debug|Any CPU.ActiveCfg = Debug|Any CPU
		{4D60CE9B-946B-4A51-8AE5-E35F0360DBFF}.Debug|Any CPU.Build.0 = Debug|Any CPU
		{4D60CE9B-946B-4A51-8AE5-E35F0360DBFF}.Release|Any CPU.ActiveCfg = Release|Any CPU
		{4D60CE9B-946B-4A51-8AE5-E35F0360DBFF}.Release|Any CPU.Build.0 = Release|Any CPU
	EndGlobalSection
	GlobalSection(SolutionProperties) = preSolution
		HideSolutionNode = FALSE
	EndGlobalSection
	GlobalSection(NestedProjects) = preSolution
		{1500D4F0-7EC5-4E4E-BC79-BD95418B9441} = {F4C15AE9-3775-43EB-B24C-CACCEDCEF362}
		{2E554921-47F0-48EC-ACAA-5B5EAB41F388} = {BC12E204-EDBD-4E5C-89C8-DAD597A4CBB2}
		{F4C15AE9-3775-43EB-B24C-CACCEDCEF362} = {CA9975B0-72D2-4154-8BB9-DF593EE00E5E}
		{BC12E204-EDBD-4E5C-89C8-DAD597A4CBB2} = {CA9975B0-72D2-4154-8BB9-DF593EE00E5E}
		{5F4AAE00-3D80-497B-B1A1-807C56C4505D} = {CA9975B0-72D2-4154-8BB9-DF593EE00E5E}
		{F26DADD7-60FD-4051-B5B3-D969C4FEE628} = {3B95ABBB-8DEA-41D4-9F7F-3CAAF2DE6B9C}
		{3B95ABBB-8DEA-41D4-9F7F-3CAAF2DE6B9C} = {CA9975B0-72D2-4154-8BB9-DF593EE00E5E}
		{4D60CE9B-946B-4A51-8AE5-E35F0360DBFF} = {5F4AAE00-3D80-497B-B1A1-807C56C4505D}
	EndGlobalSection
	GlobalSection(ExtensibilityGlobals) = postSolution
		SolutionGuid = {F659D527-B784-453C-A00A-48F917F23BF2}
	EndGlobalSection
EndGlobal
